
Microsoft Visual Studio Solution File, Format Version 12.00
# Visual Studio Version 17
VisualStudioVersion = 17.7.34202.233
MinimumVisualStudioVersion = 10.0.40219.1
Project("{9A19103F-16F7-4668-BE54-9A1E7A4F7556}") = "SA3D.Archival", "SA3D.Archival\SA3D.Archival.csproj", "{A5E45DD7-2C81-41D6-B73F-661BC7A298A7}"
EndProject
Project("{2150E333-8FDC-42A3-9474-1A3956D46DE8}") = ".solutionitems", ".solutionitems", "{6D5FC9D2-0EAE-4BFA-9730-1C91A13AC089}"
	ProjectSection(SolutionItems) = preProject
		..\LICENSE = ..\LICENSE
		..\README.md = ..\README.md
	EndProjectSection
EndProject
Global
	GlobalSection(SolutionConfigurationPlatforms) = preSolution
		Debug|Any CPU = Debug|Any CPU
		Release|Any CPU = Release|Any CPU
	EndGlobalSection
	GlobalSection(ProjectConfigurationPlatforms) = postSolution
		{A5E45DD7-2C81-41D6-B73F-661BC7A298A7}.Debug|Any CPU.ActiveCfg = Debug|Any CPU
		{A5E45DD7-2C81-41D6-B73F-661BC7A298A7}.Debug|Any CPU.Build.0 = Debug|Any CPU
		{A5E45DD7-2C81-41D6-B73F-661BC7A298A7}.Release|Any CPU.ActiveCfg = Release|Any CPU
		{A5E45DD7-2C81-41D6-B73F-661BC7A298A7}.Release|Any CPU.Build.0 = Release|Any CPU
	EndGlobalSection
	GlobalSection(SolutionProperties) = preSolution
		HideSolutionNode = FALSE
	EndGlobalSection
	GlobalSection(ExtensibilityGlobals) = postSolution
		SolutionGuid = {D5998D8E-FA00-4540-A75A-C9D479CC052F}
	EndGlobalSection
EndGlobal
